
Microsoft Visual Studio Solution File, Format Version 12.00
# Visual Studio Version 17
VisualStudioVersion = 17.14.36511.14 d17.14
MinimumVisualStudioVersion = 10.0.40219.1
Project("{FAE04EC0-301F-11D3-BF4B-00C04F79EFBC}") = "Pizza_Klimov", "Pizza_Klimov\Pizza_Klimov.csproj", "{36AC0AE5-BB38-4C86-A572-E3AB662C4CED}"
EndProject
Global
	GlobalSection(SolutionConfigurationPlatforms) = preSolution
		Debug|Any CPU = Debug|Any CPU
		Release|Any CPU = Release|Any CPU
	EndGlobalSection
	GlobalSection(ProjectConfigurationPlatforms) = postSolution
		{36AC0AE5-BB38-4C86-A572-E3AB662C4CED}.Debug|Any CPU.ActiveCfg = Debug|Any CPU
		{36AC0AE5-BB38-4C86-A572-E3AB662C4CED}.Debug|Any CPU.Build.0 = Debug|Any CPU
		{36AC0AE5-BB38-4C86-A572-E3AB662C4CED}.Release|Any CPU.ActiveCfg = Release|Any CPU
		{36AC0AE5-BB38-4C86-A572-E3AB662C4CED}.Release|Any CPU.Build.0 = Release|Any CPU
	EndGlobalSection
	GlobalSection(SolutionProperties) = preSolution
		HideSolutionNode = FALSE
	EndGlobalSection
	GlobalSection(ExtensibilityGlobals) = postSolution
		SolutionGuid = {FEBCF9ED-3AF8-4EBA-86FB-2CF3531D5794}
	EndGlobalSection
EndGlobal
